
Microsoft Visual Studio Solution File, Format Version 12.00
# Visual Studio Version 17
VisualStudioVersion = 17.1.32421.90
MinimumVisualStudioVersion = 10.0.40219.1
Project("{9A19103F-16F7-4668-BE54-9A1E7A4F7556}") = "BenChiverton.Blog", "BenChiverton.Blog\BenChiverton.Blog.csproj", "{4E1085AB-FA24-44D5-B35B-D848B57BA6C6}"
EndProject
Project("{2150E333-8FDC-42A3-9474-1A3956D46DE8}") = "Solution Items", "Solution Items", "{6EC5D83C-DA19-4629-95EA-4813DB73F986}"
	ProjectSection(SolutionItems) = preProject
		..\..\.editorconfig = ..\..\.editorconfig
	EndProjectSection
EndProject
Global
	GlobalSection(SolutionConfigurationPlatforms) = preSolution
		Debug|Any CPU = Debug|Any CPU
		Release|Any CPU = Release|Any CPU
	EndGlobalSection
	GlobalSection(ProjectConfigurationPlatforms) = postSolution
		{4E1085AB-FA24-44D5-B35B-D848B57BA6C6}.Debug|Any CPU.ActiveCfg = Debug|Any CPU
		{4E1085AB-FA24-44D5-B35B-D848B57BA6C6}.Debug|Any CPU.Build.0 = Debug|Any CPU
		{4E1085AB-FA24-44D5-B35B-D848B57BA6C6}.Release|Any CPU.ActiveCfg = Release|Any CPU
		{4E1085AB-FA24-44D5-B35B-D848B57BA6C6}.Release|Any CPU.Build.0 = Release|Any CPU
	EndGlobalSection
	GlobalSection(SolutionProperties) = preSolution
		HideSolutionNode = FALSE
	EndGlobalSection
	GlobalSection(ExtensibilityGlobals) = postSolution
		SolutionGuid = {7540E67A-1D0A-4BD1-B87F-401EB4FDCB0B}
	EndGlobalSection
EndGlobal
